{
    "name": "welcome",
    "version": "1.0.0",
    "lockfileVersion": 1,
    "requires": true,
    "dependencies": {
        "ajv": {
            "version": "5.4.0",
            "resolved": "https://registry.npmjs.org/ajv/-/ajv-5.4.0.tgz",
            "integrity": "sha1-MtHPCNvIDEMvQm8S4QslEfa0ZHQ=",
            "requires": {
                "co": "4.6.0",
                "fast-deep-equal": "1.0.0",
                "fast-json-stable-stringify": "2.0.0",
                "json-schema-traverse": "0.3.1"
            }
        },
        "ansi-styles": {
            "version": "1.0.0",
            "resolved": "https://registry.npmjs.org/ansi-styles/-/ansi-styles-1.0.0.tgz",
            "integrity": "sha1-yxAt8cVvUSPquLZ817mAJ6AnkXg="
        },
        "async": {
            "version": "1.5.2",
            "resolved": "https://registry.npmjs.org/async/-/async-1.5.2.tgz",
            "integrity": "sha1-7GphrlZIDAw8skHJVhjiCJL5Zyo="
        },
        "axway-flow-sdk": {
            "version": "1.0.4",
            "resolved": "https://registry.npmjs.org/axway-flow-sdk/-/axway-flow-sdk-1.0.4.tgz",
            "integrity": "sha1-5in0stBZngO9XVRSmJqL8n6t+k8=",
            "requires": {
                "ajv": "5.4.0",
                "dot": "1.1.2",
                "nomnom": "1.8.1",
                "validate-npm-package-name": "3.0.0"
            }
        },
        "builtins": {
            "version": "1.0.3",
            "resolved": "https://registry.npmjs.org/builtins/-/builtins-1.0.3.tgz",
            "integrity": "sha1-y5T662HIaWRR2zZTThQi+U8K7og="
        },
        "chalk": {
            "version": "0.4.0",
            "resolved": "https://registry.npmjs.org/chalk/-/chalk-0.4.0.tgz",
            "integrity": "sha1-UZmj3c0MHv4jvAjBsCewYXbgxk8=",
            "requires": {
                "ansi-styles": "1.0.0",
                "has-color": "0.1.7",
                "strip-ansi": "0.1.1"
            }
        },
        "co": {
            "version": "4.6.0",
            "resolved": "https://registry.npmjs.org/co/-/co-4.6.0.tgz",
            "integrity": "sha1-bqa989hTrlTMuOR7+gvz+QMfsYQ="
        },
        "dot": {
            "version": "1.1.2",
            "resolved": "https://registry.npmjs.org/dot/-/dot-1.1.2.tgz",
            "integrity": "sha1-xzdwGfxOVQeYkosrmv62ar+h8vk="
        },
        "fast-deep-equal": {
            "version": "1.0.0",
            "resolved": "https://registry.npmjs.org/fast-deep-equal/-/fast-deep-equal-1.0.0.tgz",
            "integrity": "sha1-liVqO8l1WV6zbYLpkp0GDYk0Of8="
        },
        "fast-json-stable-stringify": {
            "version": "2.0.0",
            "resolved": "https://registry.npmjs.org/fast-json-stable-stringify/-/fast-json-stable-stringify-2.0.0.tgz",
            "integrity": "sha1-1RQsDK7msRifh9OnYREGT4bIu/I="
        },
        "has-color": {
            "version": "0.1.7",
            "resolved": "https://registry.npmjs.org/has-color/-/has-color-0.1.7.tgz",
            "integrity": "sha1-ZxRKUmDDT8PMpnfQQdr1L+e3iy8="
        },
        "json-schema-traverse": {
            "version": "0.3.1",
            "resolved": "https://registry.npmjs.org/json-schema-traverse/-/json-schema-traverse-0.3.1.tgz",
            "integrity": "sha1-NJptRMU6Ud6JtAgFxdXlm0F9M0A="
        },
        "lodash": {
            "version": "3.10.1",
            "resolved": "https://registry.npmjs.org/lodash/-/lodash-3.10.1.tgz",
            "integrity": "sha1-W/Rejkm6QYnhfUgnid/RW9FAt7Y="
        },
        "nodehandler-base64": {
            "version": "1.0.0",
            "resolved": "https://registry.npmjs.org/nodehandler-base64/-/nodehandler-base64-1.0.0.tgz",
            "integrity": "sha1-0fwOP9K8Dp95LUU4beqC5ULqp70=",
            "requires": {
                "axway-flow-sdk": "1.0.4"
            }
        },
        "nodehandler-dot": {
            "version": "1.0.0",
            "resolved": "https://registry.npmjs.org/nodehandler-dot/-/nodehandler-dot-1.0.0.tgz",
            "integrity": "sha1-GgLoTUNjWlwmd8BaBVTM2b1NfCE=",
            "requires": {
                "axway-flow-sdk": "1.0.4",
                "dot": "1.1.2"
            }
        },
        "nodehandler-gm-objectfilter": {
            "version": "file:../nodehandler-gm-objectfilter/nodehandler-gm-objectfilter-1.0.0.tgz",
            "integrity": "sha1-SR+Fw3Kl/3eZ6KZDAkUrKNrYhsU=",
            "requires": {
                "axway-flow-sdk": "1.0.4"
            }
        },
        "nodehandler-json": {
            "version": "1.0.0",
            "resolved": "https://registry.npmjs.org/nodehandler-json/-/nodehandler-json-1.0.0.tgz",
            "integrity": "sha1-/1mGTSE0kLHjwQBlV59kl1ORDRo=",
            "requires": {
                "axway-flow-sdk": "1.0.4"
            }
        },
        "nomnom": {
            "version": "1.8.1",
            "resolved": "https://registry.npmjs.org/nomnom/-/nomnom-1.8.1.tgz",
            "integrity": "sha1-IVH3Ikcrp55Qp2/BJbuMjy5Nwqc=",
            "requires": {
                "chalk": "0.4.0",
                "underscore": "1.6.0"
            }
        },
        "pkginfo": {
            "version": "0.3.1",
            "resolved": "https://registry.npmjs.org/pkginfo/-/pkginfo-0.3.1.tgz",
            "integrity": "sha1-Wyn2qB9wcXFC4J52W76rl7T4HiE="
        },
        "strip-ansi": {
            "version": "0.1.1",
            "resolved": "https://registry.npmjs.org/strip-ansi/-/strip-ansi-0.1.1.tgz",
            "integrity": "sha1-OeipjQRNFQZgq+SmgIrPcLt7yZE="
        },
        "underscore": {
            "version": "1.6.0",
            "resolved": "https://registry.npmjs.org/underscore/-/underscore-1.6.0.tgz",
            "integrity": "sha1-izixDKze9jM3uLJOT/htRa6lKag="
        },
        "validate-npm-package-name": {
            "version": "3.0.0",
            "resolved": "https://registry.npmjs.org/validate-npm-package-name/-/validate-npm-package-name-3.0.0.tgz",
            "integrity": "sha1-X6kS2B630MdK/BQN5zF/DKffQ34=",
            "requires": {
                "builtins": "1.0.3"
            }
        }
    }
}
